
Microsoft Visual Studio Solution File, Format Version 12.00
# Visual Studio Version 17
VisualStudioVersion = 17.13.35919.96 d17.13
MinimumVisualStudioVersion = 10.0.40219.1
Project("{FAE04EC0-301F-11D3-BF4B-00C04F79EFBC}") = "QuanLyPhongKham", "QuanLyPhongKham\QuanLyPhongKham.csproj", "{3E543996-D988-427E-BECD-40ACD1E4303F}"
EndProject
Global
	GlobalSection(SolutionConfigurationPlatforms) = preSolution
		Debug|Any CPU = Debug|Any CPU
		Release|Any CPU = Release|Any CPU
	EndGlobalSection
	GlobalSection(ProjectConfigurationPlatforms) = postSolution
		{3E543996-D988-427E-BECD-40ACD1E4303F}.Debug|Any CPU.ActiveCfg = Debug|Any CPU
		{3E543996-D988-427E-BECD-40ACD1E4303F}.Debug|Any CPU.Build.0 = Debug|Any CPU
		{3E543996-D988-427E-BECD-40ACD1E4303F}.Release|Any CPU.ActiveCfg = Release|Any CPU
		{3E543996-D988-427E-BECD-40ACD1E4303F}.Release|Any CPU.Build.0 = Release|Any CPU
	EndGlobalSection
	GlobalSection(SolutionProperties) = preSolution
		HideSolutionNode = FALSE
	EndGlobalSection
	GlobalSection(ExtensibilityGlobals) = postSolution
		SolutionGuid = {A0ECC7DC-1771-4323-95A9-CC019B1222CE}
	EndGlobalSection
EndGlobal
